PODS:
  - Alamofire (5.0.1)
  - Moya (14.0.0):
    - Moya/Core (= 14.0.0)
  - Moya/Core (14.0.0):
    - Alamofire (~> 5.0)
  - Realm (4.3.2):
    - Realm/Headers (= 4.3.2)
  - Realm/Headers (4.3.2)
  - RealmSwift (4.3.2):
    - Realm (= 4.3.2)

DEPENDENCIES:
  - Alamofire
  - Moya
  - RealmSwift

SPEC REPOS:
  trunk:
    - Alamofire
    - Moya
    - Realm
    - RealmSwift

SPEC CHECKSUMS:
  Alamofire: 41c162d645ba6a78e7fd030fcdaf6aa394ca39a0
  Moya: 5b45dacb75adb009f97fde91c204c1e565d31916
  Realm: 5e92902e2875dff4bb0fd02f67bb737c3d5db2bc
  RealmSwift: 9a360fc7bae04fc2e308a34fbd899d5faa2d6b22

PODFILE CHECKSUM: f251d6d6ad96d6a419bead9feaa9f3a2a98f1c79

COCOAPODS: 1.8.4
